
Microsoft Visual Studio Solution File, Format Version 12.00
# Visual Studio 15
VisualStudioVersion = 15.0.27130.2036
MinimumVisualStudioVersion = 10.0.40219.1
Project("{FAE04EC0-301F-11D3-BF4B-00C04F79EFBC}") = "DiplomacyLib", "DiplomacyLib\DiplomacyLib.csproj", "{F6C46A6E-DED4-4987-AD8F-16759AF9BD0B}"
EndProject
Project("{FAE04EC0-301F-11D3-BF4B-00C04F79EFBC}") = "DiplomacyTests", "DiplomacyTests\DiplomacyTests.csproj", "{C08192EE-B5B1-41E4-8020-258DDCABC376}"
EndProject
Project("{FAE04EC0-301F-11D3-BF4B-00C04F79EFBC}") = "ConvoyMap", "ConvoyMap\ConvoyMap.csproj", "{9AAE71D5-8380-4B53-A238-F42276BCAEB5}"
EndProject
Project("{FAE04EC0-301F-11D3-BF4B-00C04F79EFBC}") = "Profiler", "Profiler\Profiler.csproj", "{02A09696-017A-4E97-B9AA-65A514DE52C4}"
EndProject
Project("{FAE04EC0-301F-11D3-BF4B-00C04F79EFBC}") = "DiplomacyWpfControls", "DiplomacyWpfControls\DiplomacyWpfControls.csproj", "{42B20115-C4BD-4B68-AB9E-285743F8402A}"
EndProject
Project("{FAE04EC0-301F-11D3-BF4B-00C04F79EFBC}") = "DiplomacyMapViewer", "DiplomacyMapViewer\DiplomacyMapViewer.csproj", "{68B034C5-B405-4C73-9BBD-158CFC097157}"
EndProject
Project("{FAE04EC0-301F-11D3-BF4B-00C04F79EFBC}") = "AllianceScenarioGraphViewer", "AllianceScenarioGraphViewer\AllianceScenarioGraphViewer.csproj", "{76C57098-9405-4D4A-8F92-5AF644592353}"
EndProject
Project("{FAE04EC0-301F-11D3-BF4B-00C04F79EFBC}") = "GameExplorer", "GameExplorer\GameExplorer.csproj", "{6DB55E46-3B7F-4A03-A1C3-5AA96DF2A0CF}"
EndProject
Global
	GlobalSection(SolutionConfigurationPlatforms) = preSolution
		Debug|Any CPU = Debug|Any CPU
		Release|Any CPU = Release|Any CPU
	EndGlobalSection
	GlobalSection(ProjectConfigurationPlatforms) = postSolution
		{F6C46A6E-DED4-4987-AD8F-16759AF9BD0B}.Debug|Any CPU.ActiveCfg = Debug|Any CPU
		{F6C46A6E-DED4-4987-AD8F-16759AF9BD0B}.Debug|Any CPU.Build.0 = Debug|Any CPU
		{F6C46A6E-DED4-4987-AD8F-16759AF9BD0B}.Release|Any CPU.ActiveCfg = Release|Any CPU
		{F6C46A6E-DED4-4987-AD8F-16759AF9BD0B}.Release|Any CPU.Build.0 = Release|Any CPU
		{C08192EE-B5B1-41E4-8020-258DDCABC376}.Debug|Any CPU.ActiveCfg = Debug|Any CPU
		{C08192EE-B5B1-41E4-8020-258DDCABC376}.Debug|Any CPU.Build.0 = Debug|Any CPU
		{C08192EE-B5B1-41E4-8020-258DDCABC376}.Release|Any CPU.ActiveCfg = Release|Any CPU
		{C08192EE-B5B1-41E4-8020-258DDCABC376}.Release|Any CPU.Build.0 = Release|Any CPU
		{9AAE71D5-8380-4B53-A238-F42276BCAEB5}.Debug|Any CPU.ActiveCfg = Debug|Any CPU
		{9AAE71D5-8380-4B53-A238-F42276BCAEB5}.Debug|Any CPU.Build.0 = Debug|Any CPU
		{9AAE71D5-8380-4B53-A238-F42276BCAEB5}.Release|Any CPU.ActiveCfg = Release|Any CPU
		{9AAE71D5-8380-4B53-A238-F42276BCAEB5}.Release|Any CPU.Build.0 = Release|Any CPU
		{02A09696-017A-4E97-B9AA-65A514DE52C4}.Debug|Any CPU.ActiveCfg = Debug|Any CPU
		{02A09696-017A-4E97-B9AA-65A514DE52C4}.Debug|Any CPU.Build.0 = Debug|Any CPU
		{02A09696-017A-4E97-B9AA-65A514DE52C4}.Release|Any CPU.ActiveCfg = Release|Any CPU
		{02A09696-017A-4E97-B9AA-65A514DE52C4}.Release|Any CPU.Build.0 = Release|Any CPU
		{42B20115-C4BD-4B68-AB9E-285743F8402A}.Debug|Any CPU.ActiveCfg = Debug|Any CPU
		{42B20115-C4BD-4B68-AB9E-285743F8402A}.Debug|Any CPU.Build.0 = Debug|Any CPU
		{42B20115-C4BD-4B68-AB9E-285743F8402A}.Release|Any CPU.ActiveCfg = Release|Any CPU
		{42B20115-C4BD-4B68-AB9E-285743F8402A}.Release|Any CPU.Build.0 = Release|Any CPU
		{68B034C5-B405-4C73-9BBD-158CFC097157}.Debug|Any CPU.ActiveCfg = Debug|Any CPU
		{68B034C5-B405-4C73-9BBD-158CFC097157}.Debug|Any CPU.Build.0 = Debug|Any CPU
		{68B034C5-B405-4C73-9BBD-158CFC097157}.Release|Any CPU.ActiveCfg = Release|Any CPU
		{68B034C5-B405-4C73-9BBD-158CFC097157}.Release|Any CPU.Build.0 = Release|Any CPU
		{76C57098-9405-4D4A-8F92-5AF644592353}.Debug|Any CPU.ActiveCfg = Debug|Any CPU
		{76C57098-9405-4D4A-8F92-5AF644592353}.Debug|Any CPU.Build.0 = Debug|Any CPU
		{76C57098-9405-4D4A-8F92-5AF644592353}.Release|Any CPU.ActiveCfg = Release|Any CPU
		{76C57098-9405-4D4A-8F92-5AF644592353}.Release|Any CPU.Build.0 = Release|Any CPU
		{6DB55E46-3B7F-4A03-A1C3-5AA96DF2A0CF}.Debug|Any CPU.ActiveCfg = Debug|Any CPU
		{6DB55E46-3B7F-4A03-A1C3-5AA96DF2A0CF}.Debug|Any CPU.Build.0 = Debug|Any CPU
		{6DB55E46-3B7F-4A03-A1C3-5AA96DF2A0CF}.Release|Any CPU.ActiveCfg = Release|Any CPU
		{6DB55E46-3B7F-4A03-A1C3-5AA96DF2A0CF}.Release|Any CPU.Build.0 = Release|Any CPU
	EndGlobalSection
	GlobalSection(SolutionProperties) = preSolution
		HideSolutionNode = FALSE
	EndGlobalSection
	GlobalSection(ExtensibilityGlobals) = postSolution
		SolutionGuid = {A15BC9E0-41D5-4B2A-A442-E44DEB8BA2CA}
	EndGlobalSection
	GlobalSection(Performance) = preSolution
		HasPerformanceSessions = true
	EndGlobalSection
	GlobalSection(Performance) = preSolution
		HasPerformanceSessions = true
	EndGlobalSection
	GlobalSection(Performance) = preSolution
		HasPerformanceSessions = true
	EndGlobalSection
EndGlobal
